
Microsoft Visual Studio Solution File, Format Version 12.00
# Visual Studio 15
VisualStudioVersion = 15.0.28307.539
MinimumVisualStudioVersion = 10.0.40219.1
Project("{FAE04EC0-301F-11D3-BF4B-00C04F79EFBC}") = "Sistem.Masaustu", "Sistem.Masaustu\Sistem.Masaustu.csproj", "{6971BAFC-3FF8-48ED-B466-205DD6AC26AB}"
EndProject
Global
	GlobalSection(SolutionConfigurationPlatforms) = preSolution
		Debug|Any CPU = Debug|Any CPU
		Release|Any CPU = Release|Any CPU
	EndGlobalSection
	GlobalSection(ProjectConfigurationPlatforms) = postSolution
		{6971BAFC-3FF8-48ED-B466-205DD6AC26AB}.Debug|Any CPU.ActiveCfg = Debug|Any CPU
		{6971BAFC-3FF8-48ED-B466-205DD6AC26AB}.Debug|Any CPU.Build.0 = Debug|Any CPU
		{6971BAFC-3FF8-48ED-B466-205DD6AC26AB}.Release|Any CPU.ActiveCfg = Release|Any CPU
		{6971BAFC-3FF8-48ED-B466-205DD6AC26AB}.Release|Any CPU.Build.0 = Release|Any CPU
	EndGlobalSection
	GlobalSection(SolutionProperties) = preSolution
		HideSolutionNode = FALSE
	EndGlobalSection
	GlobalSection(ExtensibilityGlobals) = postSolution
		SolutionGuid = {44FB97EC-8DCC-4010-B635-CB00ED56501C}
	EndGlobalSection
EndGlobal
